
Microsoft Visual Studio Solution File, Format Version 12.00
# Visual Studio Express 2012 for Windows Desktop
Project("{FAE04EC0-301F-11D3-BF4B-00C04F79EFBC}") = "MiCalculadora", "MiCalculadora\MiCalculadora.csproj", "{6C7A62AA-C21A-462B-AF47-3C213165BA28}"
EndProject
Project("{FAE04EC0-301F-11D3-BF4B-00C04F79EFBC}") = "Entidades", "Entidades\Entidades.csproj", "{8F34CB5D-FC6C-4F16-88AC-C85CD4120DB6}"
EndProject
Global
	GlobalSection(SolutionConfigurationPlatforms) = preSolution
		Debug|Any CPU = Debug|Any CPU
		Release|Any CPU = Release|Any CPU
	EndGlobalSection
	GlobalSection(ProjectConfigurationPlatforms) = postSolution
		{6C7A62AA-C21A-462B-AF47-3C213165BA28}.Debug|Any CPU.ActiveCfg = Debug|Any CPU
		{6C7A62AA-C21A-462B-AF47-3C213165BA28}.Debug|Any CPU.Build.0 = Debug|Any CPU
		{6C7A62AA-C21A-462B-AF47-3C213165BA28}.Release|Any CPU.ActiveCfg = Release|Any CPU
		{6C7A62AA-C21A-462B-AF47-3C213165BA28}.Release|Any CPU.Build.0 = Release|Any CPU
		{8F34CB5D-FC6C-4F16-88AC-C85CD4120DB6}.Debug|Any CPU.ActiveCfg = Debug|Any CPU
		{8F34CB5D-FC6C-4F16-88AC-C85CD4120DB6}.Debug|Any CPU.Build.0 = Debug|Any CPU
		{8F34CB5D-FC6C-4F16-88AC-C85CD4120DB6}.Release|Any CPU.ActiveCfg = Release|Any CPU
		{8F34CB5D-FC6C-4F16-88AC-C85CD4120DB6}.Release|Any CPU.Build.0 = Release|Any CPU
	EndGlobalSection
	GlobalSection(SolutionProperties) = preSolution
		HideSolutionNode = FALSE
	EndGlobalSection
EndGlobal
